
Microsoft Visual Studio Solution File, Format Version 12.00
# Visual Studio Version 17
VisualStudioVersion = 17.5.002.0
MinimumVisualStudioVersion = 10.0.40219.1
Project("{9A19103F-16F7-4668-BE54-9A1E7A4F7556}") = "firstbackend", "firstbackend.csproj", "{864EE2FB-442D-440C-86DC-8CE929A2F5F9}"
EndProject
Global
	GlobalSection(SolutionConfigurationPlatforms) = preSolution
		Debug|Any CPU = Debug|Any CPU
		Release|Any CPU = Release|Any CPU
	EndGlobalSection
	GlobalSection(ProjectConfigurationPlatforms) = postSolution
		{864EE2FB-442D-440C-86DC-8CE929A2F5F9}.Debug|Any CPU.ActiveCfg = Debug|Any CPU
		{864EE2FB-442D-440C-86DC-8CE929A2F5F9}.Debug|Any CPU.Build.0 = Debug|Any CPU
		{864EE2FB-442D-440C-86DC-8CE929A2F5F9}.Release|Any CPU.ActiveCfg = Release|Any CPU
		{864EE2FB-442D-440C-86DC-8CE929A2F5F9}.Release|Any CPU.Build.0 = Release|Any CPU
	EndGlobalSection
	GlobalSection(SolutionProperties) = preSolution
		HideSolutionNode = FALSE
	EndGlobalSection
	GlobalSection(ExtensibilityGlobals) = postSolution
		SolutionGuid = {D3F1BA45-50E2-46A3-A50B-2328C3653BB6}
	EndGlobalSection
EndGlobal
